// !$*UTF8*$!
{
	archiveVersion = 1;
	classes = {
	};
	objectVersion = 48;
	objects = {

/* Begin PBXBuildFile section */
		EE22563E1FCF0F6900A55C40 /* AppDelegate.swift in Sources */ = {isa = PBXBuildFile; fileRef = EE22563D1FCF0F6900A55C40 /* AppDelegate.swift */; };
		EE2256401FCF0F6900A55C40 /* ViewController.swift in Sources */ = {isa = PBXBuildFile; fileRef = EE22563F1FCF0F6900A55C40 /* ViewController.swift */; };
		EE2256431FCF0F6900A55C40 /* Main.storyboard in Resources */ = {isa = PBXBuildFile; fileRef = EE2256411FCF0F6900A55C40 /* Main.storyboard */; };
		EE2256451FCF0F6900A55C40 /* Assets.xcassets in Resources */ = {isa = PBXBuildFile; fileRef = EE2256441FCF0F6900A55C40 /* Assets.xcassets */; };
		EE2256481FCF0F6900A55C40 /* LaunchScreen.storyboard in Resources */ = {isa = PBXBuildFile; fileRef = EE2256461FCF0F6900A55C40 /* LaunchScreen.storyboard */; };
		EE2256501FCF0F8500A55C40 /* Calculator.swift in Sources */ = {isa = PBXBuildFile; fileRef = EE22564F1FCF0F8500A55C40 /* Calculator.swift */; };
/* End PBXBuildFile section */

/* Begin PBXFileReference section */
		EE22563A1FCF0F6900A55C40 /* newCalculator.app */ = {isa = PBXFileReference; explicitFileType = wrapper.application; includeInIndex = 0; path = newCalculator.app; sourceTree = BUILT_PRODUCTS_DIR; };
		EE22563D1FCF0F6900A55C40 /* AppDelegate.swift */ = {isa = PBXFileReference; lastKnownFileType = sourcecode.swift; path = AppDelegate.swift; sourceTree = "<group>"; };
		EE22563F1FCF0F6900A55C40 /* ViewController.swift */ = {isa = PBXFileReference; lastKnownFileType = sourcecode.swift; path = ViewController.swift; sourceTree = "<group>"; };
		EE2256421FCF0F6900A55C40 /* Base */ = {isa = PBXFileReference; lastKnownFileType = file.storyboard; name = Base; path = Base.lproj/Main.storyboard; sourceTree = "<group>"; };
		EE2256441FCF0F6900A55C40 /* Assets.xcassets */ = {isa = PBXFileReference; lastKnownFileType = folder.assetcatalog; path = Assets.xcassets; sourceTree = "<group>"; };
		EE2256471FCF0F6900A55C40 /* Base */ = {isa = PBXFileReference; lastKnownFileType = file.storyboard; name = Base; path = Base.lproj/LaunchScreen.storyboard; sourceTree = "<group>"; };
		EE2256491FCF0F6900A55C40 /* Info.plist */ = {isa = PBXFileReference; lastKnownFileType = text.plist.xml; path = Info.plist; sourceTree = "<group>"; };
		EE22564F1FCF0F8500A55C40 /* Calculator.swift */ = {isa = PBXFileReference; lastKnownFileType = sourcecode.swift; path = Calculator.swift; sourceTree = "<group>"; };
/* End PBXFileReference section */

/* Begin PBXFrameworksBuildPhase section */
		EE2256371FCF0F6900A55C40 /* Frameworks */ = {
			isa = PBXFrameworksBuildPhase;
			buildActionMask = 2147483647;
			files = (
			);
			runOnlyForDeploymentPostprocessing = 0;
		};
/* End PBXFrameworksBuildPhase section */

/* Begin PBXGroup section */
		EE2256311FCF0F6900A55C40 = {
			isa = PBXGroup;
			children = (
				EE22563C1FCF0F6900A55C40 /* newCalculator */,
				EE22563B1FCF0F6900A55C40 /* Products */,
			);
			sourceTree = "<group>";
		};
		EE22563B1FCF0F6900A55C40 /* Products */ = {
			isa = PBXGroup;
			children = (
				EE22563A1FCF0F6900A55C40 /* newCalculator.app */,
			);
			name = Products;
			sourceTree = "<group>";
		};
		EE22563C1FCF0F6900A55C40 /* newCalculator */ = {
			isa = PBXGroup;
			children = (
				EE22563D1FCF0F6900A55C40 /* AppDelegate.swift */,
				EE22564F1FCF0F8500A55C40 /* Calculator.swift */,
				EE22563F1FCF0F6900A55C40 /* ViewController.swift */,
				EE2256411FCF0F6900A55C40 /* Main.storyboard */,
				EE2256441FCF0F6900A55C40 /* Assets.xcassets */,
				EE2256461FCF0F6900A55C40 /* LaunchScreen.storyboard */,
				EE2256491FCF0F6900A55C40 /* Info.plist */,
			);
			path = newCalculator;
			sourceTree = "<group>";
		};
/* End PBXGroup section */

/* Begin PBXNativeTarget section */
		EE2256391FCF0F6900A55C40 /* newCalculator */ = {
			isa = PBXNativeTarget;
			buildConfigurationList = EE22564C1FCF0F6900A55C40 /* Build configuration list for PBXNativeTarget "newCalculator" */;
			buildPhases = (
				EE2256361FCF0F6900A55C40 /* Sources */,
				EE2256371FCF0F6900A55C40 /* Frameworks */,
				EE2256381FCF0F6900A55C40 /* Resources */,
			);
			buildRules = (
			);
			dependencies = (
			);
			name = newCalculator;
			productName = newCalculator;
			productReference = EE22563A1FCF0F6900A55C40 /* newCalculator.app */;
			productType = "com.apple.product-type.application";
		};
/* End PBXNativeTarget section */

/* Begin PBXProject section */
		EE2256321FCF0F6900A55C40 /* Project object */ = {
			isa = PBXProject;
			attributes = {
				LastSwiftUpdateCheck = 0910;
				LastUpgradeCheck = 0910;
				ORGANIZATIONNAME = "Zhenya Taran";
				TargetAttributes = {
					EE2256391FCF0F6900A55C40 = {
						CreatedOnToolsVersion = 9.1;
						ProvisioningStyle = Automatic;
					};
				};
			};
			buildConfigurationList = EE2256351FCF0F6900A55C40 /* Build configuration list for PBXProject "newCalculator" */;
			compatibilityVersion = "Xcode 8.0";
			developmentRegion = en;
			hasScannedForEncodings = 0;
			knownRegions = (
				en,
				Base,
			);
			mainGroup = EE2256311FCF0F6900A55C40;
			productRefGroup = EE22563B1FCF0F6900A55C40 /* Products */;
			projectDirPath = "";
			projectRoot = "";
			targets = (
				EE2256391FCF0F6900A55C40 /* newCalculator */,
			);
		};
/* End PBXProject section */

/* Begin PBXResourcesBuildPhase section */
		EE2256381FCF0F6900A55C40 /* Resources */ = {
			isa = PBXResourcesBuildPhase;
			buildActionMask = 2147483647;
			files = (
				EE2256481FCF0F6900A55C40 /* LaunchScreen.storyboard in Resources */,
				EE2256451FCF0F6900A55C40 /* Assets.xcassets in Resources */,
				EE2256431FCF0F6900A55C40 /* Main.storyboard in Resources */,
			);
			runOnlyForDeploymentPostprocessing = 0;
		};
/* End PBXResourcesBuildPhase section */

/* Begin PBXSourcesBuildPhase section */
		EE2256361FCF0F6900A55C40 /* Sources */ = {
			isa = PBXSourcesBuildPhase;
			buildActionMask = 2147483647;
			files = (
				EE2256401FCF0F6900A55C40 /* ViewController.swift in Sources */,
				EE22563E1FCF0F6900A55C40 /* AppDelegate.swift in Sources */,
				EE2256501FCF0F8500A55C40 /* Calculator.swift in Sources */,
			);
			runOnlyForDeploymentPostprocessing = 0;
		};
/* End PBXSourcesBuildPhase section */

/* Begin PBXVariantGroup section */
		EE2256411FCF0F6900A55C40 /* Main.storyboard */ = {
			isa = PBXVariantGroup;
			children = (
				EE2256421FCF0F6900A55C40 /* Base */,
			);
			name = Main.storyboard;
			sourceTree = "<group>";
		};
		EE2256461FCF0F6900A55C40 /* LaunchScreen.storyboard */ = {
			isa = PBXVariantGroup;
			children = (
				EE2256471FCF0F6900A55C40 /* Base */,
			);
			name = LaunchScreen.storyboard;
			sourceTree = "<group>";
		};
/* End PBXVariantGroup section */

/* Begin XCBuildConfiguration section */
		EE22564A1FCF0F6900A55C40 /* Debug */ = {
			isa = XCBuildConfiguration;
			buildSettings = {
				ALWAYS_SEARCH_USER_PATHS = NO;
				CLANG_ANALYZER_NONNULL = YES;
				CLANG_ANALYZER_NUMBER_OBJECT_CONVERSION = YES_AGGRESSIVE;
				CLANG_CXX_LANGUAGE_STANDARD = "gnu++14";
				CLANG_CXX_LIBRARY = "libc++";
				CLANG_ENABLE_MODULES = YES;
				CLANG_ENABLE_OBJC_ARC = YES;
				CLANG_WARN_BLOCK_CAPTURE_AUTORELEASING = YES;
				CLANG_WARN_BOOL_CONVERSION = YES;
				CLANG_WARN_COMMA = YES;
				CLANG_WARN_CONSTANT_CONVERSION = YES;
				CLANG_WARN_DIRECT_OBJC_ISA_USAGE = YES_ERROR;
				CLANG_WARN_DOCUMENTATION_COMMENTS = YES;
				CLANG_WARN_EMPTY_BODY = YES;
				CLANG_WARN_ENUM_CONVERSION = YES;
				CLANG_WARN_INFINITE_RECURSION = YES;
				CLANG_WARN_INT_CONVERSION = YES;
				CLANG_WARN_NON_LITERAL_NULL_CONVERSION = YES;
				CLANG_WARN_OBJC_LITERAL_CONVERSION = YES;
				CLANG_WARN_OBJC_ROOT_CLASS = YES_ERROR;
				CLANG_WARN_RANGE_LOOP_ANALYSIS = YES;
				CLANG_WARN_STRICT_PROTOTYPES = YES;
				CLANG_WARN_SUSPICIOUS_MOVE = YES;
				CLANG_WARN_UNGUARDED_AVAILABILITY = YES_AGGRESSIVE;
				CLANG_WARN_UNREACHABLE_CODE = YES;
				CLANG_WARN__DUPLICATE_METHOD_MATCH = YES;
				CODE_SIGN_IDENTITY = "iPhone Developer";
				COPY_PHASE_STRIP = NO;
				DEBUG_INFORMATION_FORMAT = dwarf;
				ENABLE_STRICT_OBJC_MSGSEND = YES;
				ENABLE_TESTABILITY = YES;
				GCC_C_LANGUAGE_STANDARD = gnu11;
				GCC_DYNAMIC_NO_PIC = NO;
				GCC_NO_COMMON_BLOCKS = YES;
				GCC_OPTIMIZATION_LEVEL = 0;
				GCC_PREPROCESSOR_DEFINITIONS = (
					"DEBUG=1",
					"$(inherited)",
				);
				GCC_WARN_64_TO_32_BIT_CONVERSION = YES;
				GCC_WARN_ABOUT_RETURN_TYPE = YES_ERROR;
				GCC_WARN_UNDECLARED_SELECTOR = YES;
				GCC_WARN_UNINITIALIZED_AUTOS = YES_AGGRESSIVE;
				GCC_WARN_UNUSED_FUNCTION = YES;
				GCC_WARN_UNUSED_VARIABLE = YES;
				IPHONEOS_DEPLOYMENT_TARGET = 11.1;
				MTL_ENABLE_DEBUG_INFO = YES;
				ONLY_ACTIVE_ARCH = YES;
				SDKROOT = iphoneos;
				SWIFT_ACTIVE_COMPILATION_CONDITIONS = DEBUG;
				SWIFT_OPTIMIZATION_LEVEL = "-Onone";
			};
			name = Debug;
		};
		EE22564B1FCF0F6900A55C40 /* Release */ = {
			isa = XCBuildConfiguration;
			buildSettings = {
				ALWAYS_SEARCH_USER_PATHS = NO;
				CLANG_ANALYZER_NONNULL = YES;
				CLANG_ANALYZER_NUMBER_OBJECT_CONVERSION = YES_AGGRESSIVE;
				CLANG_CXX_LANGUAGE_STANDARD = "gnu++14";
				CLANG_CXX_LIBRARY = "libc++";
				CLANG_ENABLE_MODULES = YES;
				CLANG_ENABLE_OBJC_ARC = YES;
				CLANG_WARN_BLOCK_CAPTURE_AUTORELEASING = YES;
				CLANG_WARN_BOOL_CONVERSION = YES;
				CLANG_WARN_COMMA = YES;
				CLANG_WARN_CONSTANT_CONVERSION = YES;
				CLANG_WARN_DIRECT_OBJC_ISA_USAGE = YES_ERROR;
				CLANG_WARN_DOCUMENTATION_COMMENTS = YES;
				CLANG_WARN_EMPTY_BODY = YES;
				CLANG_WARN_ENUM_CONVERSION = YES;
				CLANG_WARN_INFINITE_RECURSION = YES;
				CLANG_WARN_INT_CONVERSION = YES;
				CLANG_WARN_NON_LITERAL_NULL_CONVERSION = YES;
				CLANG_WARN_OBJC_LITERAL_CONVERSION = YES;
				CLANG_WARN_OBJC_ROOT_CLASS = YES_ERROR;
				CLANG_WARN_RANGE_LOOP_ANALYSIS = YES;
				CLANG_WARN_STRICT_PROTOTYPES = YES;
				CLANG_WARN_SUSPICIOUS_MOVE = YES;
				CLANG_WARN_UNGUARDED_AVAILABILITY = YES_AGGRESSIVE;
				CLANG_WARN_UNREACHABLE_CODE = YES;
				CLANG_WARN__DUPLICATE_METHOD_MATCH = YES;
				CODE_SIGN_IDENTITY = "iPhone Developer";
				COPY_PHASE_STRIP = NO;
				DEBUG_INFORMATION_FORMAT = "dwarf-with-dsym";
				ENABLE_NS_ASSERTIONS = NO;
				ENABLE_STRICT_OBJC_MSGSEND = YES;
				GCC_C_LANGUAGE_STANDARD = gnu11;
				GCC_NO_COMMON_BLOCKS = YES;
				GCC_WARN_64_TO_32_BIT_CONVERSION = YES;
				GCC_WARN_ABOUT_RETURN_TYPE = YES_ERROR;
				GCC_WARN_UNDECLARED_SELECTOR = YES;
				GCC_WARN_UNINITIALIZED_AUTOS = YES_AGGRESSIVE;
				GCC_WARN_UNUSED_FUNCTION = YES;
				GCC_WARN_UNUSED_VARIABLE = YES;
				IPHONEOS_DEPLOYMENT_TARGET = 11.1;
				MTL_ENABLE_DEBUG_INFO = NO;
				SDKROOT = iphoneos;
				SWIFT_OPTIMIZATION_LEVEL = "-Owholemodule";
				VALIDATE_PRODUCT = YES;
			};
			name = Release;
		};
		EE22564D1FCF0F6900A55C40 /* Debug */ = {
			isa = XCBuildConfiguration;
			buildSettings = {
				ASSETCATALOG_COMPILER_APPICON_NAME = AppIcon;
				CODE_SIGN_STYLE = Automatic;
				DEVELOPMENT_TEAM = Y683TFA2UW;
				INFOPLIST_FILE = newCalculator/Info.plist;
				LD_RUNPATH_SEARCH_PATHS = "$(inherited) @executable_path/Frameworks";
				PRODUCT_BUNDLE_IDENTIFIER = TaranInc.newCalculator;
				PRODUCT_NAME = "$(TARGET_NAME)";
				SWIFT_VERSION = 4.0;
				TARGETED_DEVICE_FAMILY = "1,2";
			};
			name = Debug;
		};
		EE22564E1FCF0F6900A55C40 /* Release */ = {
			isa = XCBuildConfiguration;
			buildSettings = {
				ASSETCATALOG_COMPILER_APPICON_NAME = AppIcon;
				CODE_SIGN_STYLE = Automatic;
				DEVELOPMENT_TEAM = Y683TFA2UW;
				INFOPLIST_FILE = newCalculator/Info.plist;
				LD_RUNPATH_SEARCH_PATHS = "$(inherited) @executable_path/Frameworks";
				PRODUCT_BUNDLE_IDENTIFIER = TaranInc.newCalculator;
				PRODUCT_NAME = "$(TARGET_NAME)";
				SWIFT_VERSION = 4.0;
				TARGETED_DEVICE_FAMILY = "1,2";
			};
			name = Release;
		};
/* End XCBuildConfiguration section */

/* Begin XCConfigurationList section */
		EE2256351FCF0F6900A55C40 /* Build configuration list for PBXProject "newCalculator" */ = {
			isa = XCConfigurationList;
			buildConfigurations = (
				EE22564A1FCF0F6900A55C40 /* Debug */,
				EE22564B1FCF0F6900A55C40 /* Release */,
			);
			defaultConfigurationIsVisible = 0;
			defaultConfigurationName = Release;
		};
		EE22564C1FCF0F6900A55C40 /* Build configuration list for PBXNativeTarget "newCalculator" */ = {
			isa = XCConfigurationList;
			buildConfigurations = (
				EE22564D1FCF0F6900A55C40 /* Debug */,
				EE22564E1FCF0F6900A55C40 /* Release */,
			);
			defaultConfigurationIsVisible = 0;
			defaultConfigurationName = Release;
		};
/* End XCConfigurationList section */
	};
	rootObject = EE2256321FCF0F6900A55C40 /* Project object */;
}
